<?xml version="1.0" encoding="utf-8"?>
<Project ToolsVersion="4.0" xmlns="http://schemas.microsoft.com/developer/msbuild/2003">
  <ItemGroup>
    <Filter Include="File di origine">
      <UniqueIdentifier>{4FC737F1-C7A5-4376-A066-2A32D752A2FF}</UniqueIdentifier>
      <Extensions>cpp;c;cc;cxx;c++;cppm;ixx;def;odl;idl;hpj;bat;asm;asmx</Extensions>
    </Filter>
    <Filter Include="File di intestazione">
      <UniqueIdentifier>{93995380-89BD-4b04-88EB-625FBE52EBFB}</UniqueIdentifier>
      <Extensions>h;hh;hpp;hxx;h++;hm;inl;inc;ipp;xsd</Extensions>
    </Filter>
    <Filter Include="File di risorse">
      <UniqueIdentifier>{67DA6AB6-F800-4c08-8B7A-83BB121AAD01}</UniqueIdentifier>
      <Extensions>rc;ico;cur;bmp;dlg;rc2;rct;bin;rgs;gif;jpg;jpeg;jpe;resx;tiff;tif;png;wav;mfcribbon-ms</Extensions>
    </Filter>
  </ItemGroup>
  <ItemGroup>
    <ClInclude Include="Board.h">
      <Filter>File di intestazione</Filter>
    </ClInclude>
    <ClInclude Include="hashkey.h">
      <Filter>File di intestazione</Filter>
    </ClInclude>
    <ClInclude Include="PieceData.h">
      <Filter>File di intestazione</Filter>
    </ClInclude>
    <ClInclude Include="init.h">
      <Filter>File di intestazione</Filter>
    </ClInclude>
    <ClInclude Include="ttable.h">
      <Filter>File di intestazione</Filter>
    </ClInclude>
    <ClInclude Include="uci.h">
      <Filter>File di intestazione</Filter>
    </ClInclude>
    <ClInclude Include="attack.h">
      <Filter>File di intestazione</Filter>
    </ClInclude>
    <ClInclude Include="magic.h">
      <Filter>File di intestazione</Filter>
    </ClInclude>
    <ClInclude Include="random.h">
      <Filter>File di intestazione</Filter>
    </ClInclude>
    <ClInclude Include="polykeys.h">
      <Filter>File di intestazione</Filter>
    </ClInclude>
    <ClInclude Include="eval.h">
      <Filter>File di intestazione</Filter>
    </ClInclude>
    <ClInclude Include="io.h">
      <Filter>File di intestazione</Filter>
    </ClInclude>
    <ClInclude Include="move.h">
      <Filter>File di intestazione</Filter>
    </ClInclude>
    <ClInclude Include="movegen.h">
      <Filter>File di intestazione</Filter>
    </ClInclude>
    <ClInclude Include="makemove.h">
      <Filter>File di intestazione</Filter>
    </ClInclude>
    <ClInclude Include="misc.h">
      <Filter>File di intestazione</Filter>
    </ClInclude>
    <ClInclude Include="perft.h">
      <Filter>File di intestazione</Filter>
    </ClInclude>
    <ClInclude Include="search.h">
      <Filter>File di intestazione</Filter>
    </ClInclude>
  </ItemGroup>
  <ItemGroup>
    <ClCompile Include="Board.cpp">
      <Filter>File di origine</Filter>
    </ClCompile>
    <ClCompile Include="hashkey.cpp">
      <Filter>File di origine</Filter>
    </ClCompile>
    <ClCompile Include="main.cpp">
      <Filter>File di origine</Filter>
    </ClCompile>
    <ClCompile Include="init.cpp">
      <Filter>File di origine</Filter>
    </ClCompile>
    <ClCompile Include="attack.cpp">
      <Filter>File di origine</Filter>
    </ClCompile>
    <ClCompile Include="magic.cpp">
      <Filter>File di origine</Filter>
    </ClCompile>
    <ClCompile Include="random.cpp">
      <Filter>File di origine</Filter>
    </ClCompile>
    <ClCompile Include="PieceData.cpp">
      <Filter>File di origine</Filter>
    </ClCompile>
    <ClCompile Include="eval.cpp">
      <Filter>File di origine</Filter>
    </ClCompile>
    <ClCompile Include="io.cpp">
      <Filter>File di origine</Filter>
    </ClCompile>
    <ClCompile Include="movegen.cpp">
      <Filter>File di origine</Filter>
    </ClCompile>
    <ClCompile Include="makemove.cpp">
      <Filter>File di origine</Filter>
    </ClCompile>
    <ClCompile Include="misc.cpp">
      <Filter>File di origine</Filter>
    </ClCompile>
    <ClCompile Include="perft.cpp">
      <Filter>File di origine</Filter>
    </ClCompile>
    <ClCompile Include="polykeys.cpp">
      <Filter>File di origine</Filter>
    </ClCompile>
    <ClCompile Include="search.cpp">
      <Filter>File di origine</Filter>
    </ClCompile>
    <ClCompile Include="ttable.cpp">
      <Filter>File di origine</Filter>
    </ClCompile>
    <ClCompile Include="polybook.cpp">
      <Filter>File di origine</Filter>
    </ClCompile>
    <ClCompile Include="uci.cpp">
      <Filter>File di origine</Filter>
    </ClCompile>
  </ItemGroup>
</Project>