<?xml version="1.0" encoding="utf-8"?>
<Project ToolsVersion="4.0" xmlns="http://schemas.microsoft.com/developer/msbuild/2003">
  <ItemGroup>
    <Filter Include="File di origine">
      <UniqueIdentifier>{4FC737F1-C7A5-4376-A066-2A32D752A2FF}</UniqueIdentifier>
      <Extensions>cpp;c;cc;cxx;c++;cppm;ixx;def;odl;idl;hpj;bat;asm;asmx</Extensions>
    </Filter>
    <Filter Include="File di intestazione">
      <UniqueIdentifier>{93995380-89BD-4b04-88EB-625FBE52EBFB}</UniqueIdentifier>
      <Extensions>h;hh;hpp;hxx;h++;hm;inl;inc;ipp;xsd</Extensions>
    </Filter>
    <Filter Include="File di risorse">
      <UniqueIdentifier>{67DA6AB6-F800-4c08-8B7A-83BB121AAD01}</UniqueIdentifier>
      <Extensions>rc;ico;cur;bmp;dlg;rc2;rct;bin;rgs;gif;jpg;jpeg;jpe;resx;tiff;tif;png;wav;mfcribbon-ms</Extensions>
    </Filter>
  </ItemGroup>
  <ItemGroup>
    <ClInclude Include="src\Board.h">
      <Filter>File di intestazione</Filter>
    </ClInclude>
    <ClInclude Include="src\hashkey.h">
      <Filter>File di intestazione</Filter>
    </ClInclude>
    <ClInclude Include="src\PieceData.h">
      <Filter>File di intestazione</Filter>
    </ClInclude>
    <ClInclude Include="src\init.h">
      <Filter>File di intestazione</Filter>
    </ClInclude>
    <ClInclude Include="src\ttable.h">
      <Filter>File di intestazione</Filter>
    </ClInclude>
    <ClInclude Include="src\uci.h">
      <Filter>File di intestazione</Filter>
    </ClInclude>
    <ClInclude Include="src\attack.h">
      <Filter>File di intestazione</Filter>
    </ClInclude>
    <ClInclude Include="src\magic.h">
      <Filter>File di intestazione</Filter>
    </ClInclude>
    <ClInclude Include="src\random.h">
      <Filter>File di intestazione</Filter>
    </ClInclude>
    <ClInclude Include="src\eval.h">
      <Filter>File di intestazione</Filter>
    </ClInclude>
    <ClInclude Include="src\io.h">
      <Filter>File di intestazione</Filter>
    </ClInclude>
    <ClInclude Include="src\move.h">
      <Filter>File di intestazione</Filter>
    </ClInclude>
    <ClInclude Include="src\movegen.h">
      <Filter>File di intestazione</Filter>
    </ClInclude>
    <ClInclude Include="src\makemove.h">
      <Filter>File di intestazione</Filter>
    </ClInclude>
    <ClInclude Include="src\misc.h">
      <Filter>File di intestazione</Filter>
    </ClInclude>
    <ClInclude Include="src\perft.h">
      <Filter>File di intestazione</Filter>
    </ClInclude>
    <ClInclude Include="src\search.h">
      <Filter>File di intestazione</Filter>
    </ClInclude>
    <ClInclude Include="src\bench.h">
      <Filter>File di intestazione</Filter>
    </ClInclude>
    <ClInclude Include="src\time_manager.h">
      <Filter>File di intestazione</Filter>
    </ClInclude>
    <ClInclude Include="src\incbin\incbin.h">
      <Filter>File di intestazione</Filter>
    </ClInclude>
    <ClInclude Include="src\nnue.h">
      <Filter>File di intestazione</Filter>
    </ClInclude>
    <ClInclude Include="src\movepicker.h">
      <Filter>File di intestazione</Filter>
    </ClInclude>
    <ClInclude Include="src\History.h">
      <Filter>File di intestazione</Filter>
    </ClInclude>
    <ClInclude Include="types.h">
      <Filter>File di intestazione</Filter>
    </ClInclude>
  </ItemGroup>
  <ItemGroup>
    <ClCompile Include="src\Board.cpp">
      <Filter>File di origine</Filter>
    </ClCompile>
    <ClCompile Include="src\hashkey.cpp">
      <Filter>File di origine</Filter>
    </ClCompile>
    <ClCompile Include="src\main.cpp">
      <Filter>File di origine</Filter>
    </ClCompile>
    <ClCompile Include="src\init.cpp">
      <Filter>File di origine</Filter>
    </ClCompile>
    <ClCompile Include="src\attack.cpp">
      <Filter>File di origine</Filter>
    </ClCompile>
    <ClCompile Include="src\magic.cpp">
      <Filter>File di origine</Filter>
    </ClCompile>
    <ClCompile Include="src\random.cpp">
      <Filter>File di origine</Filter>
    </ClCompile>
    <ClCompile Include="src\PieceData.cpp">
      <Filter>File di origine</Filter>
    </ClCompile>
    <ClCompile Include="src\eval.cpp">
      <Filter>File di origine</Filter>
    </ClCompile>
    <ClCompile Include="src\io.cpp">
      <Filter>File di origine</Filter>
    </ClCompile>
    <ClCompile Include="src\movegen.cpp">
      <Filter>File di origine</Filter>
    </ClCompile>
    <ClCompile Include="src\makemove.cpp">
      <Filter>File di origine</Filter>
    </ClCompile>
    <ClCompile Include="src\misc.cpp">
      <Filter>File di origine</Filter>
    </ClCompile>
    <ClCompile Include="src\perft.cpp">
      <Filter>File di origine</Filter>
    </ClCompile>
    <ClCompile Include="src\search.cpp">
      <Filter>File di origine</Filter>
    </ClCompile>
    <ClCompile Include="src\ttable.cpp">
      <Filter>File di origine</Filter>
    </ClCompile>
    <ClCompile Include="src\uci.cpp">
      <Filter>File di origine</Filter>
    </ClCompile>
    <ClCompile Include="src\bench.cpp">
      <Filter>File di origine</Filter>
    </ClCompile>
    <ClCompile Include="src\time_manager.cpp">
      <Filter>File di origine</Filter>
    </ClCompile>
    <ClCompile Include="src\nnue.cpp">
      <Filter>File di origine</Filter>
    </ClCompile>
    <ClCompile Include="src\movepicker.cpp">
      <Filter>File di origine</Filter>
    </ClCompile>
    <ClCompile Include="src\History.cpp">
      <Filter>File di origine</Filter>
    </ClCompile>
  </ItemGroup>
  <ItemGroup>
    <Text Include="src\makefile" />
  </ItemGroup>
  <ItemGroup>
    <None Include="src\nn.net" />
  </ItemGroup>
</Project>